
Microsoft Visual Studio Solution File, Format Version 12.00
# Visual Studio Version 16
VisualStudioVersion = 16.0.30804.86
MinimumVisualStudioVersion = 10.0.40219.1
Project("{2150E333-8FDC-42A3-9474-1A3956D46DE8}") = "Tools", "Tools", "{A75ED010-1A28-489E-8E35-1C8009B02DC2}"
EndProject
Project("{FAE04EC0-301F-11D3-BF4B-00C04F79EFBC}") = "ExtractRes", "Tools\ExtractRes\ExtractRes.csproj", "{CF895285-A8AD-4BCE-9E89-ABC8C531E341}"
	ProjectSection(ProjectDependencies) = postProject
		{F22EEC24-C748-4758-9F14-265932295F98} = {F22EEC24-C748-4758-9F14-265932295F98}
	EndProjectSection
EndProject
Project("{2150E333-8FDC-42A3-9474-1A3956D46DE8}") = "Game", "Game", "{FC9C58EC-9CDD-4574-BF66-32623F7FDC04}"
EndProject
Project("{8BC9CEB8-8B4A-11D0-8D11-00A0C91BC942}") = "FinFan", "Game\FinFan\FinFan.vcxproj", "{EDB6B691-F2C8-4294-808F-CB53C54B2E83}"
EndProject
Project("{8BC9CEB8-8B4A-11D0-8D11-00A0C91BC942}") = "ExtractNsf", "Tools\ExtractNsf\ExtractNsf.vcxproj", "{F22EEC24-C748-4758-9F14-265932295F98}"
EndProject
Global
	GlobalSection(SolutionConfigurationPlatforms) = preSolution
		Debug|Mixed Platforms = Debug|Mixed Platforms
		Debug|Win32 = Debug|Win32
		Debug|x86 = Debug|x86
		Release|Mixed Platforms = Release|Mixed Platforms
		Release|Win32 = Release|Win32
		Release|x86 = Release|x86
	EndGlobalSection
	GlobalSection(ProjectConfigurationPlatforms) = postSolution
		{CF895285-A8AD-4BCE-9E89-ABC8C531E341}.Debug|Mixed Platforms.ActiveCfg = Debug|x86
		{CF895285-A8AD-4BCE-9E89-ABC8C531E341}.Debug|Mixed Platforms.Build.0 = Debug|x86
		{CF895285-A8AD-4BCE-9E89-ABC8C531E341}.Debug|Win32.ActiveCfg = Debug|x86
		{CF895285-A8AD-4BCE-9E89-ABC8C531E341}.Debug|x86.ActiveCfg = Debug|x86
		{CF895285-A8AD-4BCE-9E89-ABC8C531E341}.Debug|x86.Build.0 = Debug|x86
		{CF895285-A8AD-4BCE-9E89-ABC8C531E341}.Release|Mixed Platforms.ActiveCfg = Release|x86
		{CF895285-A8AD-4BCE-9E89-ABC8C531E341}.Release|Mixed Platforms.Build.0 = Release|x86
		{CF895285-A8AD-4BCE-9E89-ABC8C531E341}.Release|Win32.ActiveCfg = Release|x86
		{CF895285-A8AD-4BCE-9E89-ABC8C531E341}.Release|x86.ActiveCfg = Release|x86
		{CF895285-A8AD-4BCE-9E89-ABC8C531E341}.Release|x86.Build.0 = Release|x86
		{EDB6B691-F2C8-4294-808F-CB53C54B2E83}.Debug|Mixed Platforms.ActiveCfg = Debug|Win32
		{EDB6B691-F2C8-4294-808F-CB53C54B2E83}.Debug|Mixed Platforms.Build.0 = Debug|Win32
		{EDB6B691-F2C8-4294-808F-CB53C54B2E83}.Debug|Win32.ActiveCfg = Debug|Win32
		{EDB6B691-F2C8-4294-808F-CB53C54B2E83}.Debug|Win32.Build.0 = Debug|Win32
		{EDB6B691-F2C8-4294-808F-CB53C54B2E83}.Debug|x86.ActiveCfg = Debug|Win32
		{EDB6B691-F2C8-4294-808F-CB53C54B2E83}.Release|Mixed Platforms.ActiveCfg = Release|Win32
		{EDB6B691-F2C8-4294-808F-CB53C54B2E83}.Release|Mixed Platforms.Build.0 = Release|Win32
		{EDB6B691-F2C8-4294-808F-CB53C54B2E83}.Release|Win32.ActiveCfg = Release|Win32
		{EDB6B691-F2C8-4294-808F-CB53C54B2E83}.Release|Win32.Build.0 = Release|Win32
		{EDB6B691-F2C8-4294-808F-CB53C54B2E83}.Release|x86.ActiveCfg = Release|Win32
		{F22EEC24-C748-4758-9F14-265932295F98}.Debug|Mixed Platforms.ActiveCfg = Debug|Win32
		{F22EEC24-C748-4758-9F14-265932295F98}.Debug|Mixed Platforms.Build.0 = Debug|Win32
		{F22EEC24-C748-4758-9F14-265932295F98}.Debug|Win32.ActiveCfg = Debug|Win32
		{F22EEC24-C748-4758-9F14-265932295F98}.Debug|Win32.Build.0 = Debug|Win32
		{F22EEC24-C748-4758-9F14-265932295F98}.Debug|x86.ActiveCfg = Debug|Win32
		{F22EEC24-C748-4758-9F14-265932295F98}.Release|Mixed Platforms.ActiveCfg = Release|Win32
		{F22EEC24-C748-4758-9F14-265932295F98}.Release|Mixed Platforms.Build.0 = Release|Win32
		{F22EEC24-C748-4758-9F14-265932295F98}.Release|Win32.ActiveCfg = Release|Win32
		{F22EEC24-C748-4758-9F14-265932295F98}.Release|Win32.Build.0 = Release|Win32
		{F22EEC24-C748-4758-9F14-265932295F98}.Release|x86.ActiveCfg = Release|Win32
	EndGlobalSection
	GlobalSection(SolutionProperties) = preSolution
		HideSolutionNode = FALSE
	EndGlobalSection
	GlobalSection(NestedProjects) = preSolution
		{CF895285-A8AD-4BCE-9E89-ABC8C531E341} = {A75ED010-1A28-489E-8E35-1C8009B02DC2}
		{EDB6B691-F2C8-4294-808F-CB53C54B2E83} = {FC9C58EC-9CDD-4574-BF66-32623F7FDC04}
		{F22EEC24-C748-4758-9F14-265932295F98} = {A75ED010-1A28-489E-8E35-1C8009B02DC2}
	EndGlobalSection
	GlobalSection(ExtensibilityGlobals) = postSolution
		SolutionGuid = {8178F11F-0CA9-493D-BB9E-89D1B89276A8}
	EndGlobalSection
EndGlobal
